// !$*UTF8*$!
{
	archiveVersion = 1;
	classes = {
	};
	objectVersion = 56;
	objects = {

/* Begin PBXBuildFile section */
		8821CEDD2BFE1C6C00D228D2 /* LaskNewsMobileAppApp.swift in Sources */ = {isa = PBXBuildFile; fileRef = 8821CEDC2BFE1C6C00D228D2 /* LaskNewsMobileAppApp.swift */; };
		8821CEDF2BFE1C6C00D228D2 /* ContentView.swift in Sources */ = {isa = PBXBuildFile; fileRef = 8821CEDE2BFE1C6C00D228D2 /* ContentView.swift */; };
		8821CEE12BFE1C6D00D228D2 /* Assets.xcassets in Resources */ = {isa = PBXBuildFile; fileRef = 8821CEE02BFE1C6D00D228D2 /* Assets.xcassets */; };
		8821CEE42BFE1C6D00D228D2 /* Preview Assets.xcassets in Resources */ = {isa = PBXBuildFile; fileRef = 8821CEE32BFE1C6D00D228D2 /* Preview Assets.xcassets */; };
		8821CEF12BFE1F7100D228D2 /* SplashScreenView.swift in Sources */ = {isa = PBXBuildFile; fileRef = 8821CEF02BFE1F7100D228D2 /* SplashScreenView.swift */; };
		8821CEF32BFE220F00D228D2 /* WelcomeView.swift in Sources */ = {isa = PBXBuildFile; fileRef = 8821CEF22BFE220F00D228D2 /* WelcomeView.swift */; };
		8821CEF62BFE286700D228D2 /* View Extensions.swift in Sources */ = {isa = PBXBuildFile; fileRef = 8821CEF52BFE286700D228D2 /* View Extensions.swift */; };
		8821CF042BFE2C2F00D228D2 /* HomeView.swift in Sources */ = {isa = PBXBuildFile; fileRef = 8821CF032BFE2C2F00D228D2 /* HomeView.swift */; };
		8821CF072BFE2DF300D228D2 /* Article.swift in Sources */ = {isa = PBXBuildFile; fileRef = 8821CF062BFE2DF300D228D2 /* Article.swift */; };
		8821CF0A2BFE337B00D228D2 /* CustomTabBar.swift in Sources */ = {isa = PBXBuildFile; fileRef = 8821CF092BFE337B00D228D2 /* CustomTabBar.swift */; };
		8821CF0C2BFE398500D228D2 /* TabBarView.swift in Sources */ = {isa = PBXBuildFile; fileRef = 8821CF0B2BFE398500D228D2 /* TabBarView.swift */; };
		8821CF0E2BFE4B0300D228D2 /* ArticleDetailedView.swift in Sources */ = {isa = PBXBuildFile; fileRef = 8821CF0D2BFE4B0300D228D2 /* ArticleDetailedView.swift */; };
		8821CF102BFE522600D228D2 /* ExploreView.swift in Sources */ = {isa = PBXBuildFile; fileRef = 8821CF0F2BFE522600D228D2 /* ExploreView.swift */; };
		8821CF132BFE52EE00D228D2 /* FilteredArticleCategory.swift in Sources */ = {isa = PBXBuildFile; fileRef = 8821CF122BFE52EE00D228D2 /* FilteredArticleCategory.swift */; };
/* End PBXBuildFile section */

/* Begin PBXFileReference section */
		8821CED92BFE1C6C00D228D2 /* LaskNewsMobileApp.app */ = {isa = PBXFileReference; explicitFileType = wrapper.application; includeInIndex = 0; path = LaskNewsMobileApp.app; sourceTree = BUILT_PRODUCTS_DIR; };
		8821CEDC2BFE1C6C00D228D2 /* LaskNewsMobileAppApp.swift */ = {isa = PBXFileReference; lastKnownFileType = sourcecode.swift; path = LaskNewsMobileAppApp.swift; sourceTree = "<group>"; };
		8821CEDE2BFE1C6C00D228D2 /* ContentView.swift */ = {isa = PBXFileReference; lastKnownFileType = sourcecode.swift; path = ContentView.swift; sourceTree = "<group>"; };
		8821CEE02BFE1C6D00D228D2 /* Assets.xcassets */ = {isa = PBXFileReference; lastKnownFileType = folder.assetcatalog; path = Assets.xcassets; sourceTree = "<group>"; };
		8821CEE32BFE1C6D00D228D2 /* Preview Assets.xcassets */ = {isa = PBXFileReference; lastKnownFileType = folder.assetcatalog; path = "Preview Assets.xcassets"; sourceTree = "<group>"; };
		8821CEF02BFE1F7100D228D2 /* SplashScreenView.swift */ = {isa = PBXFileReference; lastKnownFileType = sourcecode.swift; path = SplashScreenView.swift; sourceTree = "<group>"; };
		8821CEF22BFE220F00D228D2 /* WelcomeView.swift */ = {isa = PBXFileReference; lastKnownFileType = sourcecode.swift; path = WelcomeView.swift; sourceTree = "<group>"; };
		8821CEF52BFE286700D228D2 /* View Extensions.swift */ = {isa = PBXFileReference; lastKnownFileType = sourcecode.swift; path = "View Extensions.swift"; sourceTree = "<group>"; };
		8821CF032BFE2C2F00D228D2 /* HomeView.swift */ = {isa = PBXFileReference; lastKnownFileType = sourcecode.swift; path = HomeView.swift; sourceTree = "<group>"; };
		8821CF062BFE2DF300D228D2 /* Article.swift */ = {isa = PBXFileReference; lastKnownFileType = sourcecode.swift; path = Article.swift; sourceTree = "<group>"; };
		8821CF092BFE337B00D228D2 /* CustomTabBar.swift */ = {isa = PBXFileReference; lastKnownFileType = sourcecode.swift; path = CustomTabBar.swift; sourceTree = "<group>"; };
		8821CF0B2BFE398500D228D2 /* TabBarView.swift */ = {isa = PBXFileReference; lastKnownFileType = sourcecode.swift; path = TabBarView.swift; sourceTree = "<group>"; };
		8821CF0D2BFE4B0300D228D2 /* ArticleDetailedView.swift */ = {isa = PBXFileReference; lastKnownFileType = sourcecode.swift; path = ArticleDetailedView.swift; sourceTree = "<group>"; };
		8821CF0F2BFE522600D228D2 /* ExploreView.swift */ = {isa = PBXFileReference; lastKnownFileType = sourcecode.swift; path = ExploreView.swift; sourceTree = "<group>"; };
		8821CF122BFE52EE00D228D2 /* FilteredArticleCategory.swift */ = {isa = PBXFileReference; lastKnownFileType = sourcecode.swift; path = FilteredArticleCategory.swift; sourceTree = "<group>"; };
/* End PBXFileReference section */

/* Begin PBXFrameworksBuildPhase section */
		8821CED62BFE1C6C00D228D2 /* Frameworks */ = {
			isa = PBXFrameworksBuildPhase;
			buildActionMask = 2147483647;
			files = (
			);
			runOnlyForDeploymentPostprocessing = 0;
		};
/* End PBXFrameworksBuildPhase section */

/* Begin PBXGroup section */
		8821CED02BFE1C6C00D228D2 = {
			isa = PBXGroup;
			children = (
				8821CEDB2BFE1C6C00D228D2 /* LaskNewsMobileApp */,
				8821CEDA2BFE1C6C00D228D2 /* Products */,
			);
			sourceTree = "<group>";
		};
		8821CEDA2BFE1C6C00D228D2 /* Products */ = {
			isa = PBXGroup;
			children = (
				8821CED92BFE1C6C00D228D2 /* LaskNewsMobileApp.app */,
			);
			name = Products;
			sourceTree = "<group>";
		};
		8821CEDB2BFE1C6C00D228D2 /* LaskNewsMobileApp */ = {
			isa = PBXGroup;
			children = (
				8821CEEA2BFE1F3A00D228D2 /* App */,
				8821CEE02BFE1C6D00D228D2 /* Assets.xcassets */,
				8821CEEC2BFE1F4900D228D2 /* Core */,
				8821CEF42BFE285A00D228D2 /* Extensions */,
				8821CEE22BFE1C6D00D228D2 /* Preview Content */,
				8821CEEB2BFE1F3E00D228D2 /* Root */,
				8821CEEF2BFE1F6000D228D2 /* Services */,
				8821CEEE2BFE1F5100D228D2 /* SplashScreen */,
				8821CEED2BFE1F4C00D228D2 /* Utils */,
			);
			path = LaskNewsMobileApp;
			sourceTree = "<group>";
		};
		8821CEE22BFE1C6D00D228D2 /* Preview Content */ = {
			isa = PBXGroup;
			children = (
				8821CEE32BFE1C6D00D228D2 /* Preview Assets.xcassets */,
			);
			path = "Preview Content";
			sourceTree = "<group>";
		};
		8821CEEA2BFE1F3A00D228D2 /* App */ = {
			isa = PBXGroup;
			children = (
				8821CEDC2BFE1C6C00D228D2 /* LaskNewsMobileAppApp.swift */,
			);
			path = App;
			sourceTree = "<group>";
		};
		8821CEEB2BFE1F3E00D228D2 /* Root */ = {
			isa = PBXGroup;
			children = (
				8821CEDE2BFE1C6C00D228D2 /* ContentView.swift */,
			);
			path = Root;
			sourceTree = "<group>";
		};
		8821CEEC2BFE1F4900D228D2 /* Core */ = {
			isa = PBXGroup;
			children = (
				8821CF112BFE52D900D228D2 /* Components */,
				8821CF082BFE336F00D228D2 /* MainTabBar */,
				8821CF052BFE2DE700D228D2 /* Models */,
				8821CEF72BFE291700D228D2 /* Home */,
				8821CEF82BFE291A00D228D2 /* Explore */,
				8821CEF92BFE291D00D228D2 /* Bookmark */,
				8821CEFA2BFE292B00D228D2 /* Profile */,
			);
			path = Core;
			sourceTree = "<group>";
		};
		8821CEED2BFE1F4C00D228D2 /* Utils */ = {
			isa = PBXGroup;
			children = (
			);
			path = Utils;
			sourceTree = "<group>";
		};
		8821CEEE2BFE1F5100D228D2 /* SplashScreen */ = {
			isa = PBXGroup;
			children = (
				8821CEF02BFE1F7100D228D2 /* SplashScreenView.swift */,
				8821CEF22BFE220F00D228D2 /* WelcomeView.swift */,
			);
			path = SplashScreen;
			sourceTree = "<group>";
		};
		8821CEEF2BFE1F6000D228D2 /* Services */ = {
			isa = PBXGroup;
			children = (
			);
			path = Services;
			sourceTree = "<group>";
		};
		8821CEF42BFE285A00D228D2 /* Extensions */ = {
			isa = PBXGroup;
			children = (
				8821CEF52BFE286700D228D2 /* View Extensions.swift */,
			);
			path = Extensions;
			sourceTree = "<group>";
		};
		8821CEF72BFE291700D228D2 /* Home */ = {
			isa = PBXGroup;
			children = (
				8821CEFC2BFE294700D228D2 /* ViewModel */,
				8821CEFB2BFE294400D228D2 /* View */,
			);
			path = Home;
			sourceTree = "<group>";
		};
		8821CEF82BFE291A00D228D2 /* Explore */ = {
			isa = PBXGroup;
			children = (
				8821CEFE2BFE295300D228D2 /* ViewModel */,
				8821CEFD2BFE295100D228D2 /* View */,
			);
			path = Explore;
			sourceTree = "<group>";
		};
		8821CEF92BFE291D00D228D2 /* Bookmark */ = {
			isa = PBXGroup;
			children = (
				8821CF002BFE296100D228D2 /* ViewModel */,
				8821CEFF2BFE295A00D228D2 /* View */,
			);
			path = Bookmark;
			sourceTree = "<group>";
		};
		8821CEFA2BFE292B00D228D2 /* Profile */ = {
			isa = PBXGroup;
			children = (
				8821CF022BFE296800D228D2 /* ViewModel */,
				8821CF012BFE296600D228D2 /* View */,
			);
			path = Profile;
			sourceTree = "<group>";
		};
		8821CEFB2BFE294400D228D2 /* View */ = {
			isa = PBXGroup;
			children = (
				8821CF032BFE2C2F00D228D2 /* HomeView.swift */,
				8821CF0D2BFE4B0300D228D2 /* ArticleDetailedView.swift */,
			);
			path = View;
			sourceTree = "<group>";
		};
		8821CEFC2BFE294700D228D2 /* ViewModel */ = {
			isa = PBXGroup;
			children = (
			);
			path = ViewModel;
			sourceTree = "<group>";
		};
		8821CEFD2BFE295100D228D2 /* View */ = {
			isa = PBXGroup;
			children = (
				8821CF0F2BFE522600D228D2 /* ExploreView.swift */,
			);
			path = View;
			sourceTree = "<group>";
		};
		8821CEFE2BFE295300D228D2 /* ViewModel */ = {
			isa = PBXGroup;
			children = (
			);
			path = ViewModel;
			sourceTree = "<group>";
		};
		8821CEFF2BFE295A00D228D2 /* View */ = {
			isa = PBXGroup;
			children = (
			);
			path = View;
			sourceTree = "<group>";
		};
		8821CF002BFE296100D228D2 /* ViewModel */ = {
			isa = PBXGroup;
			children = (
			);
			path = ViewModel;
			sourceTree = "<group>";
		};
		8821CF012BFE296600D228D2 /* View */ = {
			isa = PBXGroup;
			children = (
			);
			path = View;
			sourceTree = "<group>";
		};
		8821CF022BFE296800D228D2 /* ViewModel */ = {
			isa = PBXGroup;
			children = (
			);
			path = ViewModel;
			sourceTree = "<group>";
		};
		8821CF052BFE2DE700D228D2 /* Models */ = {
			isa = PBXGroup;
			children = (
				8821CF062BFE2DF300D228D2 /* Article.swift */,
			);
			path = Models;
			sourceTree = "<group>";
		};
		8821CF082BFE336F00D228D2 /* MainTabBar */ = {
			isa = PBXGroup;
			children = (
				8821CF092BFE337B00D228D2 /* CustomTabBar.swift */,
				8821CF0B2BFE398500D228D2 /* TabBarView.swift */,
			);
			path = MainTabBar;
			sourceTree = "<group>";
		};
		8821CF112BFE52D900D228D2 /* Components */ = {
			isa = PBXGroup;
			children = (
				8821CF122BFE52EE00D228D2 /* FilteredArticleCategory.swift */,
			);
			path = Components;
			sourceTree = "<group>";
		};
/* End PBXGroup section */

/* Begin PBXNativeTarget section */
		8821CED82BFE1C6C00D228D2 /* LaskNewsMobileApp */ = {
			isa = PBXNativeTarget;
			buildConfigurationList = 8821CEE72BFE1C6D00D228D2 /* Build configuration list for PBXNativeTarget "LaskNewsMobileApp" */;
			buildPhases = (
				8821CED52BFE1C6C00D228D2 /* Sources */,
				8821CED62BFE1C6C00D228D2 /* Frameworks */,
				8821CED72BFE1C6C00D228D2 /* Resources */,
			);
			buildRules = (
			);
			dependencies = (
			);
			name = LaskNewsMobileApp;
			productName = LaskNewsMobileApp;
			productReference = 8821CED92BFE1C6C00D228D2 /* LaskNewsMobileApp.app */;
			productType = "com.apple.product-type.application";
		};
/* End PBXNativeTarget section */

/* Begin PBXProject section */
		8821CED12BFE1C6C00D228D2 /* Project object */ = {
			isa = PBXProject;
			attributes = {
				BuildIndependentTargetsInParallel = 1;
				LastSwiftUpdateCheck = 1530;
				LastUpgradeCheck = 1530;
				TargetAttributes = {
					8821CED82BFE1C6C00D228D2 = {
						CreatedOnToolsVersion = 15.3;
					};
				};
			};
			buildConfigurationList = 8821CED42BFE1C6C00D228D2 /* Build configuration list for PBXProject "LaskNewsMobileApp" */;
			compatibilityVersion = "Xcode 14.0";
			developmentRegion = en;
			hasScannedForEncodings = 0;
			knownRegions = (
				en,
				Base,
			);
			mainGroup = 8821CED02BFE1C6C00D228D2;
			productRefGroup = 8821CEDA2BFE1C6C00D228D2 /* Products */;
			projectDirPath = "";
			projectRoot = "";
			targets = (
				8821CED82BFE1C6C00D228D2 /* LaskNewsMobileApp */,
			);
		};
/* End PBXProject section */

/* Begin PBXResourcesBuildPhase section */
		8821CED72BFE1C6C00D228D2 /* Resources */ = {
			isa = PBXResourcesBuildPhase;
			buildActionMask = 2147483647;
			files = (
				8821CEE42BFE1C6D00D228D2 /* Preview Assets.xcassets in Resources */,
				8821CEE12BFE1C6D00D228D2 /* Assets.xcassets in Resources */,
			);
			runOnlyForDeploymentPostprocessing = 0;
		};
/* End PBXResourcesBuildPhase section */

/* Begin PBXSourcesBuildPhase section */
		8821CED52BFE1C6C00D228D2 /* Sources */ = {
			isa = PBXSourcesBuildPhase;
			buildActionMask = 2147483647;
			files = (
				8821CF102BFE522600D228D2 /* ExploreView.swift in Sources */,
				8821CF072BFE2DF300D228D2 /* Article.swift in Sources */,
				8821CF0C2BFE398500D228D2 /* TabBarView.swift in Sources */,
				8821CEF62BFE286700D228D2 /* View Extensions.swift in Sources */,
				8821CF0E2BFE4B0300D228D2 /* ArticleDetailedView.swift in Sources */,
				8821CEDF2BFE1C6C00D228D2 /* ContentView.swift in Sources */,
				8821CEDD2BFE1C6C00D228D2 /* LaskNewsMobileAppApp.swift in Sources */,
				8821CF0A2BFE337B00D228D2 /* CustomTabBar.swift in Sources */,
				8821CF042BFE2C2F00D228D2 /* HomeView.swift in Sources */,
				8821CF132BFE52EE00D228D2 /* FilteredArticleCategory.swift in Sources */,
				8821CEF12BFE1F7100D228D2 /* SplashScreenView.swift in Sources */,
				8821CEF32BFE220F00D228D2 /* WelcomeView.swift in Sources */,
			);
			runOnlyForDeploymentPostprocessing = 0;
		};
/* End PBXSourcesBuildPhase section */

/* Begin XCBuildConfiguration section */
		8821CEE52BFE1C6D00D228D2 /* Debug */ = {
			isa = XCBuildConfiguration;
			buildSettings = {
				ALWAYS_SEARCH_USER_PATHS = NO;
				ASSETCATALOG_COMPILER_GENERATE_SWIFT_ASSET_SYMBOL_EXTENSIONS = YES;
				CLANG_ANALYZER_NONNULL = YES;
				CLANG_ANALYZER_NUMBER_OBJECT_CONVERSION = YES_AGGRESSIVE;
				CLANG_CXX_LANGUAGE_STANDARD = "gnu++20";
				CLANG_ENABLE_MODULES = YES;
				CLANG_ENABLE_OBJC_ARC = YES;
				CLANG_ENABLE_OBJC_WEAK = YES;
				CLANG_WARN_BLOCK_CAPTURE_AUTORELEASING = YES;
				CLANG_WARN_BOOL_CONVERSION = YES;
				CLANG_WARN_COMMA = YES;
				CLANG_WARN_CONSTANT_CONVERSION = YES;
				CLANG_WARN_DEPRECATED_OBJC_IMPLEMENTATIONS = YES;
				CLANG_WARN_DIRECT_OBJC_ISA_USAGE = YES_ERROR;
				CLANG_WARN_DOCUMENTATION_COMMENTS = YES;
				CLANG_WARN_EMPTY_BODY = YES;
				CLANG_WARN_ENUM_CONVERSION = YES;
				CLANG_WARN_INFINITE_RECURSION = YES;
				CLANG_WARN_INT_CONVERSION = YES;
				CLANG_WARN_NON_LITERAL_NULL_CONVERSION = YES;
				CLANG_WARN_OBJC_IMPLICIT_RETAIN_SELF = YES;
				CLANG_WARN_OBJC_LITERAL_CONVERSION = YES;
				CLANG_WARN_OBJC_ROOT_CLASS = YES_ERROR;
				CLANG_WARN_QUOTED_INCLUDE_IN_FRAMEWORK_HEADER = YES;
				CLANG_WARN_RANGE_LOOP_ANALYSIS = YES;
				CLANG_WARN_STRICT_PROTOTYPES = YES;
				CLANG_WARN_SUSPICIOUS_MOVE = YES;
				CLANG_WARN_UNGUARDED_AVAILABILITY = YES_AGGRESSIVE;
				CLANG_WARN_UNREACHABLE_CODE = YES;
				CLANG_WARN__DUPLICATE_METHOD_MATCH = YES;
				COPY_PHASE_STRIP = NO;
				DEBUG_INFORMATION_FORMAT = dwarf;
				ENABLE_STRICT_OBJC_MSGSEND = YES;
				ENABLE_TESTABILITY = YES;
				ENABLE_USER_SCRIPT_SANDBOXING = YES;
				GCC_C_LANGUAGE_STANDARD = gnu17;
				GCC_DYNAMIC_NO_PIC = NO;
				GCC_NO_COMMON_BLOCKS = YES;
				GCC_OPTIMIZATION_LEVEL = 0;
				GCC_PREPROCESSOR_DEFINITIONS = (
					"DEBUG=1",
					"$(inherited)",
				);
				GCC_WARN_64_TO_32_BIT_CONVERSION = YES;
				GCC_WARN_ABOUT_RETURN_TYPE = YES_ERROR;
				GCC_WARN_UNDECLARED_SELECTOR = YES;
				GCC_WARN_UNINITIALIZED_AUTOS = YES_AGGRESSIVE;
				GCC_WARN_UNUSED_FUNCTION = YES;
				GCC_WARN_UNUSED_VARIABLE = YES;
				IPHONEOS_DEPLOYMENT_TARGET = 17.4;
				LOCALIZATION_PREFERS_STRING_CATALOGS = YES;
				MTL_ENABLE_DEBUG_INFO = INCLUDE_SOURCE;
				MTL_FAST_MATH = YES;
				ONLY_ACTIVE_ARCH = YES;
				SDKROOT = iphoneos;
				SWIFT_ACTIVE_COMPILATION_CONDITIONS = "DEBUG $(inherited)";
				SWIFT_OPTIMIZATION_LEVEL = "-Onone";
			};
			name = Debug;
		};
		8821CEE62BFE1C6D00D228D2 /* Release */ = {
			isa = XCBuildConfiguration;
			buildSettings = {
				ALWAYS_SEARCH_USER_PATHS = NO;
				ASSETCATALOG_COMPILER_GENERATE_SWIFT_ASSET_SYMBOL_EXTENSIONS = YES;
				CLANG_ANALYZER_NONNULL = YES;
				CLANG_ANALYZER_NUMBER_OBJECT_CONVERSION = YES_AGGRESSIVE;
				CLANG_CXX_LANGUAGE_STANDARD = "gnu++20";
				CLANG_ENABLE_MODULES = YES;
				CLANG_ENABLE_OBJC_ARC = YES;
				CLANG_ENABLE_OBJC_WEAK = YES;
				CLANG_WARN_BLOCK_CAPTURE_AUTORELEASING = YES;
				CLANG_WARN_BOOL_CONVERSION = YES;
				CLANG_WARN_COMMA = YES;
				CLANG_WARN_CONSTANT_CONVERSION = YES;
				CLANG_WARN_DEPRECATED_OBJC_IMPLEMENTATIONS = YES;
				CLANG_WARN_DIRECT_OBJC_ISA_USAGE = YES_ERROR;
				CLANG_WARN_DOCUMENTATION_COMMENTS = YES;
				CLANG_WARN_EMPTY_BODY = YES;
				CLANG_WARN_ENUM_CONVERSION = YES;
				CLANG_WARN_INFINITE_RECURSION = YES;
				CLANG_WARN_INT_CONVERSION = YES;
				CLANG_WARN_NON_LITERAL_NULL_CONVERSION = YES;
				CLANG_WARN_OBJC_IMPLICIT_RETAIN_SELF = YES;
				CLANG_WARN_OBJC_LITERAL_CONVERSION = YES;
				CLANG_WARN_OBJC_ROOT_CLASS = YES_ERROR;
				CLANG_WARN_QUOTED_INCLUDE_IN_FRAMEWORK_HEADER = YES;
				CLANG_WARN_RANGE_LOOP_ANALYSIS = YES;
				CLANG_WARN_STRICT_PROTOTYPES = YES;
				CLANG_WARN_SUSPICIOUS_MOVE = YES;
				CLANG_WARN_UNGUARDED_AVAILABILITY = YES_AGGRESSIVE;
				CLANG_WARN_UNREACHABLE_CODE = YES;
				CLANG_WARN__DUPLICATE_METHOD_MATCH = YES;
				COPY_PHASE_STRIP = NO;
				DEBUG_INFORMATION_FORMAT = "dwarf-with-dsym";
				ENABLE_NS_ASSERTIONS = NO;
				ENABLE_STRICT_OBJC_MSGSEND = YES;
				ENABLE_USER_SCRIPT_SANDBOXING = YES;
				GCC_C_LANGUAGE_STANDARD = gnu17;
				GCC_NO_COMMON_BLOCKS = YES;
				GCC_WARN_64_TO_32_BIT_CONVERSION = YES;
				GCC_WARN_ABOUT_RETURN_TYPE = YES_ERROR;
				GCC_WARN_UNDECLARED_SELECTOR = YES;
				GCC_WARN_UNINITIALIZED_AUTOS = YES_AGGRESSIVE;
				GCC_WARN_UNUSED_FUNCTION = YES;
				GCC_WARN_UNUSED_VARIABLE = YES;
				IPHONEOS_DEPLOYMENT_TARGET = 17.4;
				LOCALIZATION_PREFERS_STRING_CATALOGS = YES;
				MTL_ENABLE_DEBUG_INFO = NO;
				MTL_FAST_MATH = YES;
				SDKROOT = iphoneos;
				SWIFT_COMPILATION_MODE = wholemodule;
				VALIDATE_PRODUCT = YES;
			};
			name = Release;
		};
		8821CEE82BFE1C6D00D228D2 /* Debug */ = {
			isa = XCBuildConfiguration;
			buildSettings = {
				ASSETCATALOG_COMPILER_APPICON_NAME = AppIcon;
				ASSETCATALOG_COMPILER_GLOBAL_ACCENT_COLOR_NAME = AccentColor;
				CODE_SIGN_STYLE = Automatic;
				CURRENT_PROJECT_VERSION = 1;
				DEVELOPMENT_ASSET_PATHS = "\"LaskNewsMobileApp/Preview Content\"";
				DEVELOPMENT_TEAM = DMGRYYH4JQ;
				ENABLE_PREVIEWS = YES;
				GENERATE_INFOPLIST_FILE = YES;
				INFOPLIST_KEY_UIApplicationSceneManifest_Generation = YES;
				INFOPLIST_KEY_UIApplicationSupportsIndirectInputEvents = YES;
				INFOPLIST_KEY_UILaunchScreen_Generation = YES;
				INFOPLIST_KEY_UISupportedInterfaceOrientations_iPad = "UIInterfaceOrientationPortrait UIInterfaceOrientationPortraitUpsideDown UIInterfaceOrientationLandscapeLeft UIInterfaceOrientationLandscapeRight";
				INFOPLIST_KEY_UISupportedInterfaceOrientations_iPhone = "UIInterfaceOrientationPortrait UIInterfaceOrientationLandscapeLeft UIInterfaceOrientationLandscapeRight";
				LD_RUNPATH_SEARCH_PATHS = (
					"$(inherited)",
					"@executable_path/Frameworks",
				);
				MARKETING_VERSION = 1.0;
				PRODUCT_BUNDLE_IDENTIFIER = swift.LaskNewsMobileApp;
				PRODUCT_NAME = "$(TARGET_NAME)";
				SWIFT_EMIT_LOC_STRINGS = YES;
				SWIFT_VERSION = 5.0;
				TARGETED_DEVICE_FAMILY = "1,2";
			};
			name = Debug;
		};
		8821CEE92BFE1C6D00D228D2 /* Release */ = {
			isa = XCBuildConfiguration;
			buildSettings = {
				ASSETCATALOG_COMPILER_APPICON_NAME = AppIcon;
				ASSETCATALOG_COMPILER_GLOBAL_ACCENT_COLOR_NAME = AccentColor;
				CODE_SIGN_STYLE = Automatic;
				CURRENT_PROJECT_VERSION = 1;
				DEVELOPMENT_ASSET_PATHS = "\"LaskNewsMobileApp/Preview Content\"";
				DEVELOPMENT_TEAM = DMGRYYH4JQ;
				ENABLE_PREVIEWS = YES;
				GENERATE_INFOPLIST_FILE = YES;
				INFOPLIST_KEY_UIApplicationSceneManifest_Generation = YES;
				INFOPLIST_KEY_UIApplicationSupportsIndirectInputEvents = YES;
				INFOPLIST_KEY_UILaunchScreen_Generation = YES;
				INFOPLIST_KEY_UISupportedInterfaceOrientations_iPad = "UIInterfaceOrientationPortrait UIInterfaceOrientationPortraitUpsideDown UIInterfaceOrientationLandscapeLeft UIInterfaceOrientationLandscapeRight";
				INFOPLIST_KEY_UISupportedInterfaceOrientations_iPhone = "UIInterfaceOrientationPortrait UIInterfaceOrientationLandscapeLeft UIInterfaceOrientationLandscapeRight";
				LD_RUNPATH_SEARCH_PATHS = (
					"$(inherited)",
					"@executable_path/Frameworks",
				);
				MARKETING_VERSION = 1.0;
				PRODUCT_BUNDLE_IDENTIFIER = swift.LaskNewsMobileApp;
				PRODUCT_NAME = "$(TARGET_NAME)";
				SWIFT_EMIT_LOC_STRINGS = YES;
				SWIFT_VERSION = 5.0;
				TARGETED_DEVICE_FAMILY = "1,2";
			};
			name = Release;
		};
/* End XCBuildConfiguration section */

/* Begin XCConfigurationList section */
		8821CED42BFE1C6C00D228D2 /* Build configuration list for PBXProject "LaskNewsMobileApp" */ = {
			isa = XCConfigurationList;
			buildConfigurations = (
				8821CEE52BFE1C6D00D228D2 /* Debug */,
				8821CEE62BFE1C6D00D228D2 /* Release */,
			);
			defaultConfigurationIsVisible = 0;
			defaultConfigurationName = Release;
		};
		8821CEE72BFE1C6D00D228D2 /* Build configuration list for PBXNativeTarget "LaskNewsMobileApp" */ = {
			isa = XCConfigurationList;
			buildConfigurations = (
				8821CEE82BFE1C6D00D228D2 /* Debug */,
				8821CEE92BFE1C6D00D228D2 /* Release */,
			);
			defaultConfigurationIsVisible = 0;
			defaultConfigurationName = Release;
		};
/* End XCConfigurationList section */
	};
	rootObject = 8821CED12BFE1C6C00D228D2 /* Project object */;
}
